{
  "name": "synthetic-supply-chain-demo-app",
  "version": "1.0.0",
  "lockfileVersion": 3,
  "requires": true,
  "packages": {
    "": {
      "name": "synthetic-supply-chain-demo-app",
      "version": "1.0.0",
      "license": "Apache-2.0",
      "dependencies": {
        "synthetic-vulnerable-npm": "1.0.0"
      }
    },
    "node_modules/synthetic-vulnerable-npm": {
      "version": "1.0.0",
      "resolved": "https://registry.invalid/synthetic-vulnerable-npm/-/synthetic-vulnerable-npm-1.0.0.tgz",
      "integrity": "sha512-syntheticsyntheticsyntheticsyntheticsyntheticsyntheticsyntheticsyntheticsyntheticsyntheticsyntheticsyntheticsyntheticsyntheticsyntheticsynth=="
    }
  }
}
