{
  "name": "github-actions-workflows-fixture",
  "version": "1.0.0",
  "lockfileVersion": 3,
  "requires": true,
  "packages": {
    "": {
      "name": "github-actions-workflows-fixture",
      "version": "1.0.0",
      "license": "Apache-2.0",
      "dependencies": {
        "supply-chain-demo-lib": "1.2.2"
      }
    },
    "node_modules/supply-chain-demo-lib": {
      "version": "1.2.2",
      "resolved": "https://registry.invalid/supply-chain-demo-lib/-/supply-chain-demo-lib-1.2.2.tgz",
      "integrity": "sha512-syntheticsyntheticsyntheticsyntheticsyntheticsyntheticsyntheticsyntheticsyntheticsyntheticsyntheticsyntheticsyntheticsyntheticsyntheticsynth=="
    }
  }
}
